Microsoft Visual Studio Solution File, Format Version 12.00
# Visual Studio 14
VisualStudioVersion = 14.0.23107.0
MinimumVisualStudioVersion = 10.0.40219.1
Project("{FAE04EC0-301F-11D3-BF4B-00C04F79EFBC}") = "Assembly-CSharp-firstpass", "Assembly-CSharp-firstpass.csproj", "{E3B63596-D406-B74C-1777-C7C35B722F97}"
EndProject
Project("{FAE04EC0-301F-11D3-BF4B-00C04F79EFBC}") = "Assembly-CSharp", "Assembly-CSharp.csproj", "{9528C4A6-DFD6-BC63-A0ED-6255ED1C3331}"
EndProject
Project("{FAE04EC0-301F-11D3-BF4B-00C04F79EFBC}") = "Assembly-CSharp-Editor", "Assembly-CSharp-Editor.csproj", "{CEE68B35-C91A-44BF-E845-6F4FC6ED7944}"
EndProject
Global
	GlobalSection(SolutionConfigurationPlatforms) = preSolution
		Debug|Any CPU = Debug|Any CPU
		Release|Any CPU = Release|Any CPU
	EndGlobalSection
	GlobalSection(ProjectConfigurationPlatforms) = postSolution
		{E3B63596-D406-B74C-1777-C7C35B722F97}.Debug|Any CPU.ActiveCfg = Debug|Any CPU
		{E3B63596-D406-B74C-1777-C7C35B722F97}.Debug|Any CPU.Build.0 = Debug|Any CPU
		{E3B63596-D406-B74C-1777-C7C35B722F97}.Release|Any CPU.ActiveCfg = Release|Any CPU
		{E3B63596-D406-B74C-1777-C7C35B722F97}.Release|Any CPU.Build.0 = Release|Any CPU
		{9528C4A6-DFD6-BC63-A0ED-6255ED1C3331}.Debug|Any CPU.ActiveCfg = Debug|Any CPU
		{9528C4A6-DFD6-BC63-A0ED-6255ED1C3331}.Debug|Any CPU.Build.0 = Debug|Any CPU
		{9528C4A6-DFD6-BC63-A0ED-6255ED1C3331}.Release|Any CPU.ActiveCfg = Release|Any CPU
		{9528C4A6-DFD6-BC63-A0ED-6255ED1C3331}.Release|Any CPU.Build.0 = Release|Any CPU
		{CEE68B35-C91A-44BF-E845-6F4FC6ED7944}.Debug|Any CPU.ActiveCfg = Debug|Any CPU
		{CEE68B35-C91A-44BF-E845-6F4FC6ED7944}.Debug|Any CPU.Build.0 = Debug|Any CPU
		{CEE68B35-C91A-44BF-E845-6F4FC6ED7944}.Release|Any CPU.ActiveCfg = Release|Any CPU
		{CEE68B35-C91A-44BF-E845-6F4FC6ED7944}.Release|Any CPU.Build.0 = Release|Any CPU
	EndGlobalSection
	GlobalSection(SolutionProperties) = preSolution
		HideSolutionNode = FALSE
	EndGlobalSection
	GlobalSection(MonoDevelopProperties) = preSolution
		StartupItem = Assembly-CSharp.csproj
		Policies = $0
		$0.TextStylePolicy = $3
		$1.inheritsSet = null
		$1.scope = text/x-csharp
		$0.CSharpFormattingPolicy = $2
		$2.inheritsSet = Mono
		$2.inheritsScope = text/x-csharp
		$2.scope = text/x-csharp
		$3.FileWidth = 120
		$3.TabWidth = 4
		$3.IndentWidth = 4
		$3.EolMarker = Unix
		$3.inheritsSet = Mono
		$3.inheritsScope = text/plain
		$3.scope = text/plain
	EndGlobalSection
EndGlobal
